// !$*UTF8*$!
{
	archiveVersion = 1;
	classes = {
	};
	objectVersion = 77;
	objects = {

/* Begin PBXBuildFile section */
		71CD525D0DC86578245A8053 /* WrimoireShellUITests.swift in Sources */ = {isa = PBXBuildFile; fileRef = 29D25E5E206F5F8637C8A462 /* WrimoireShellUITests.swift */; };
		DD8A6961AB3B72806A480637 /* Foundation.framework in Frameworks */ = {isa = PBXBuildFile; fileRef = 5187711B43527005310F2FFB /* Foundation.framework */; };
/* End PBXBuildFile section */

/* Begin PBXContainerItemProxy section */
		605F462727E490772147A446 /* PBXContainerItemProxy */ = {
			isa = PBXContainerItemProxy;
			containerPortal = 1C6094CD2F506D6400CE6A52 /* Project object */;
			proxyType = 1;
			remoteGlobalIDString = 1C6094D42F506D6400CE6A52;
			remoteInfo = Wrimoire;
		};
		EA41E1C02F60510000A1B201 /* PBXContainerItemProxy */ = {
			isa = PBXContainerItemProxy;
			containerPortal = 1C6094CD2F506D6400CE6A52 /* Project object */;
			proxyType = 1;
			remoteGlobalIDString = 1C6094D42F506D6400CE6A52;
			remoteInfo = Wrimoire;
		};
/* End PBXContainerItemProxy section */

/* Begin PBXFileReference section */
		1C6094D52F506D6400CE6A52 /* Wrimoire.app */ = {isa = PBXFileReference; explicitFileType = wrapper.application; includeInIndex = 0; path = Wrimoire.app; sourceTree = BUILT_PRODUCTS_DIR; };
		29D25E5E206F5F8637C8A462 /* WrimoireShellUITests.swift */ = {isa = PBXFileReference; includeInIndex = 1; lastKnownFileType = sourcecode.swift; name = WrimoireShellUITests.swift; path = Wrimoire/App/Shell_Tests/WrimoireShellUITests.swift; sourceTree = "<group>"; };
		5187711B43527005310F2FFB /* Foundation.framework */ = {isa = PBXFileReference; lastKnownFileType = wrapper.framework; name = Foundation.framework; path = Platforms/iPhoneOS.platform/Developer/SDKs/iPhoneOS18.0.sdk/System/Library/Frameworks/Foundation.framework; sourceTree = DEVELOPER_DIR; };
		96C3B7686E965BBA5EE61D3A /* WrimoireUITests.xctest */ = {isa = PBXFileReference; explicitFileType = wrapper.cfbundle; includeInIndex = 0; path = WrimoireUITests.xctest; sourceTree = BUILT_PRODUCTS_DIR; };
		EA41E1C12F60510000A1B201 /* WrimoireTests.xctest */ = {isa = PBXFileReference; explicitFileType = wrapper.cfbundle; includeInIndex = 0; path = WrimoireTests.xctest; sourceTree = BUILT_PRODUCTS_DIR; };
/* End PBXFileReference section */

/* Begin PBXFileSystemSynchronizedBuildFileExceptionSet section */
		F5D3F1D92F5E700100C0D001 /* Exceptions for "Wrimoire" folder in "Wrimoire" target */ = {
			isa = PBXFileSystemSynchronizedBuildFileExceptionSet;
			membershipExceptions = (
				App/Shell_Tests/WrimoireShellUITests.swift,
				Core/Persistence_Tests/SwiftDataTestSupport.swift,
				Core/Persistence_Tests/WrimoireDataModelTests.swift,
				Modules/Writing_Tests/WritingPersistenceTests.swift,
			);
			target = 1C6094D42F506D6400CE6A52 /* Wrimoire */;
		};
/* End PBXFileSystemSynchronizedBuildFileExceptionSet section */

/* Begin PBXFileSystemSynchronizedRootGroup section */
		1C6094D72F506D6400CE6A52 /* Wrimoire */ = {
			isa = PBXFileSystemSynchronizedRootGroup;
			exceptions = (
				F5D3F1D92F5E700100C0D001 /* Exceptions for "Wrimoire" folder in "Wrimoire" target */,
			);
			path = Wrimoire;
			sourceTree = "<group>";
		};
		EA41E1C22F60510000A1B201 /* Wrimoire/Core/Persistence_Tests */ = {
			isa = PBXFileSystemSynchronizedRootGroup;
			path = Wrimoire/Core/Persistence_Tests;
			sourceTree = "<group>";
		};
		EA41E1C32F60510000A1B201 /* Wrimoire/Modules/Writing_Tests */ = {
			isa = PBXFileSystemSynchronizedRootGroup;
			path = Wrimoire/Modules/Writing_Tests;
			sourceTree = "<group>";
		};
/* End PBXFileSystemSynchronizedRootGroup section */

/* Begin PBXFrameworksBuildPhase section */
		1C6094D22F506D6400CE6A52 /* Frameworks */ = {
			isa = PBXFrameworksBuildPhase;
			buildActionMask = 2147483647;
			files = (
			);
			runOnlyForDeploymentPostprocessing = 0;
		};
		656E2D1F495265FFBDA036A3 /* Frameworks */ = {
			isa = PBXFrameworksBuildPhase;
			buildActionMask = 2147483647;
			files = (
				DD8A6961AB3B72806A480637 /* Foundation.framework in Frameworks */,
			);
			runOnlyForDeploymentPostprocessing = 0;
		};
		EA41E1C42F60510000A1B201 /* Frameworks */ = {
			isa = PBXFrameworksBuildPhase;
			buildActionMask = 2147483647;
			files = (
			);
			runOnlyForDeploymentPostprocessing = 0;
		};
/* End PBXFrameworksBuildPhase section */

/* Begin PBXGroup section */
		1C6094CC2F506D6400CE6A52 = {
			isa = PBXGroup;
			children = (
				1C6094D72F506D6400CE6A52 /* Wrimoire */,
				1C6094D62F506D6400CE6A52 /* Products */,
				C8744B609C3F6895DB231578 /* Frameworks */,
				86D5A6973E3ED71C4133B767 /* Shell_Tests */,
				EA41E1C22F60510000A1B201 /* Wrimoire/Core/Persistence_Tests */,
				EA41E1C32F60510000A1B201 /* Wrimoire/Modules/Writing_Tests */,
			);
			sourceTree = "<group>";
		};
		1C6094D62F506D6400CE6A52 /* Products */ = {
			isa = PBXGroup;
			children = (
				1C6094D52F506D6400CE6A52 /* Wrimoire.app */,
				EA41E1C12F60510000A1B201 /* WrimoireTests.xctest */,
				96C3B7686E965BBA5EE61D3A /* WrimoireUITests.xctest */,
			);
			name = Products;
			sourceTree = "<group>";
		};
		85C7ECBDC4D449EB5B26300E /* iOS */ = {
			isa = PBXGroup;
			children = (
				5187711B43527005310F2FFB /* Foundation.framework */,
			);
			name = iOS;
			sourceTree = "<group>";
		};
		86D5A6973E3ED71C4133B767 /* Shell_Tests */ = {
			isa = PBXGroup;
			children = (
				29D25E5E206F5F8637C8A462 /* WrimoireShellUITests.swift */,
			);
			name = Shell_Tests;
			sourceTree = "<group>";
		};
		C8744B609C3F6895DB231578 /* Frameworks */ = {
			isa = PBXGroup;
			children = (
				85C7ECBDC4D449EB5B26300E /* iOS */,
			);
			name = Frameworks;
			sourceTree = "<group>";
		};
/* End PBXGroup section */

/* Begin PBXNativeTarget section */
		068A841BAD3AA2FEAEB97923 /* WrimoireUITests */ = {
			isa = PBXNativeTarget;
			buildConfigurationList = 53C16DD4240C4B94FE9A4FB4 /* Build configuration list for PBXNativeTarget "WrimoireUITests" */;
			buildPhases = (
				A7EFF1E9063A3B220D50C6D5 /* Sources */,
				656E2D1F495265FFBDA036A3 /* Frameworks */,
				30F194847EE03C3CE568CC08 /* Resources */,
			);
			buildRules = (
			);
			dependencies = (
				BD165107CBAAB0D96E02076F /* PBXTargetDependency */,
			);
			name = WrimoireUITests;
			productName = WrimoireUITests;
			productReference = 96C3B7686E965BBA5EE61D3A /* WrimoireUITests.xctest */;
			productType = "com.apple.product-type.bundle.ui-testing";
		};
		1C6094D42F506D6400CE6A52 /* Wrimoire */ = {
			isa = PBXNativeTarget;
			buildConfigurationList = 1C6094E22F506D6600CE6A52 /* Build configuration list for PBXNativeTarget "Wrimoire" */;
			buildPhases = (
				1C6094D12F506D6400CE6A52 /* Sources */,
				1C6094D22F506D6400CE6A52 /* Frameworks */,
				1C6094D32F506D6400CE6A52 /* Resources */,
			);
			buildRules = (
			);
			dependencies = (
			);
			fileSystemSynchronizedGroups = (
				1C6094D72F506D6400CE6A52 /* Wrimoire */,
			);
			name = Wrimoire;
			productName = Wrimoire;
			productReference = 1C6094D52F506D6400CE6A52 /* Wrimoire.app */;
			productType = "com.apple.product-type.application";
		};
		EA41E1C52F60510000A1B201 /* WrimoireTests */ = {
			isa = PBXNativeTarget;
			buildConfigurationList = EA41E1CC2F60510000A1B201 /* Build configuration list for PBXNativeTarget "WrimoireTests" */;
			buildPhases = (
				EA41E1C62F60510000A1B201 /* Sources */,
				EA41E1C42F60510000A1B201 /* Frameworks */,
				EA41E1C72F60510000A1B201 /* Resources */,
			);
			buildRules = (
			);
			dependencies = (
				EA41E1C92F60510000A1B201 /* PBXTargetDependency */,
			);
			fileSystemSynchronizedGroups = (
				EA41E1C22F60510000A1B201 /* Wrimoire/Core/Persistence_Tests */,
				EA41E1C32F60510000A1B201 /* Wrimoire/Modules/Writing_Tests */,
			);
			name = WrimoireTests;
			productName = WrimoireTests;
			productReference = EA41E1C12F60510000A1B201 /* WrimoireTests.xctest */;
			productType = "com.apple.product-type.bundle.unit-test";
		};
/* End PBXNativeTarget section */

/* Begin PBXProject section */
		1C6094CD2F506D6400CE6A52 /* Project object */ = {
			isa = PBXProject;
			attributes = {
				BuildIndependentTargetsInParallel = 1;
				LastSwiftUpdateCheck = 2620;
				LastUpgradeCheck = 2630;
				TargetAttributes = {
					1C6094D42F506D6400CE6A52 = {
						CreatedOnToolsVersion = 26.2;
						SystemCapabilities = {
							com.apple.iCloud = {
								enabled = 1;
							};
						};
					};
					EA41E1C52F60510000A1B201 = {
						CreatedOnToolsVersion = 26.5;
						TestTargetID = 1C6094D42F506D6400CE6A52;
					};
				};
			};
			buildConfigurationList = 1C6094D02F506D6400CE6A52 /* Build configuration list for PBXProject "Wrimoire" */;
			developmentRegion = en;
			hasScannedForEncodings = 0;
			knownRegions = (
				en,
				Base,
			);
			mainGroup = 1C6094CC2F506D6400CE6A52;
			minimizedProjectReferenceProxies = 1;
			preferredProjectObjectVersion = 77;
			productRefGroup = 1C6094D62F506D6400CE6A52 /* Products */;
			projectDirPath = "";
			projectRoot = "";
			targets = (
				1C6094D42F506D6400CE6A52 /* Wrimoire */,
				EA41E1C52F60510000A1B201 /* WrimoireTests */,
				068A841BAD3AA2FEAEB97923 /* WrimoireUITests */,
			);
		};
/* End PBXProject section */

/* Begin PBXResourcesBuildPhase section */
		1C6094D32F506D6400CE6A52 /* Resources */ = {
			isa = PBXResourcesBuildPhase;
			buildActionMask = 2147483647;
			files = (
			);
			runOnlyForDeploymentPostprocessing = 0;
		};
		30F194847EE03C3CE568CC08 /* Resources */ = {
			isa = PBXResourcesBuildPhase;
			buildActionMask = 2147483647;
			files = (
			);
			runOnlyForDeploymentPostprocessing = 0;
		};
		EA41E1C72F60510000A1B201 /* Resources */ = {
			isa = PBXResourcesBuildPhase;
			buildActionMask = 2147483647;
			files = (
			);
			runOnlyForDeploymentPostprocessing = 0;
		};
/* End PBXResourcesBuildPhase section */

/* Begin PBXSourcesBuildPhase section */
		1C6094D12F506D6400CE6A52 /* Sources */ = {
			isa = PBXSourcesBuildPhase;
			buildActionMask = 2147483647;
			files = (
			);
			runOnlyForDeploymentPostprocessing = 0;
		};
		A7EFF1E9063A3B220D50C6D5 /* Sources */ = {
			isa = PBXSourcesBuildPhase;
			buildActionMask = 2147483647;
			files = (
				71CD525D0DC86578245A8053 /* WrimoireShellUITests.swift in Sources */,
			);
			runOnlyForDeploymentPostprocessing = 0;
		};
		EA41E1C62F60510000A1B201 /* Sources */ = {
			isa = PBXSourcesBuildPhase;
			buildActionMask = 2147483647;
			files = (
			);
			runOnlyForDeploymentPostprocessing = 0;
		};
/* End PBXSourcesBuildPhase section */

/* Begin PBXTargetDependency section */
		BD165107CBAAB0D96E02076F /* PBXTargetDependency */ = {
			isa = PBXTargetDependency;
			name = Wrimoire;
			target = 1C6094D42F506D6400CE6A52 /* Wrimoire */;
			targetProxy = 605F462727E490772147A446 /* PBXContainerItemProxy */;
		};
		EA41E1C92F60510000A1B201 /* PBXTargetDependency */ = {
			isa = PBXTargetDependency;
			name = Wrimoire;
			target = 1C6094D42F506D6400CE6A52 /* Wrimoire */;
			targetProxy = EA41E1C02F60510000A1B201 /* PBXContainerItemProxy */;
		};
/* End PBXTargetDependency section */

/* Begin XCBuildConfiguration section */
		1C6094E02F506D6600CE6A52 /* Debug */ = {
			isa = XCBuildConfiguration;
			buildSettings = {
				ALWAYS_SEARCH_USER_PATHS = NO;
				ASSETCATALOG_COMPILER_GENERATE_SWIFT_ASSET_SYMBOL_EXTENSIONS = YES;
				CLANG_ANALYZER_NONNULL = YES;
				CLANG_ANALYZER_NUMBER_OBJECT_CONVERSION = YES_AGGRESSIVE;
				CLANG_CXX_LANGUAGE_STANDARD = "gnu++20";
				CLANG_ENABLE_MODULES = YES;
				CLANG_ENABLE_OBJC_ARC = YES;
				CLANG_ENABLE_OBJC_WEAK = YES;
				CLANG_WARN_BLOCK_CAPTURE_AUTORELEASING = YES;
				CLANG_WARN_BOOL_CONVERSION = YES;
				CLANG_WARN_COMMA = YES;
				CLANG_WARN_CONSTANT_CONVERSION = YES;
				CLANG_WARN_DEPRECATED_OBJC_IMPLEMENTATIONS = YES;
				CLANG_WARN_DIRECT_OBJC_ISA_USAGE = YES_ERROR;
				CLANG_WARN_DOCUMENTATION_COMMENTS = YES;
				CLANG_WARN_EMPTY_BODY = YES;
				CLANG_WARN_ENUM_CONVERSION = YES;
				CLANG_WARN_INFINITE_RECURSION = YES;
				CLANG_WARN_INT_CONVERSION = YES;
				CLANG_WARN_NON_LITERAL_NULL_CONVERSION = YES;
				CLANG_WARN_OBJC_IMPLICIT_RETAIN_SELF = YES;
				CLANG_WARN_OBJC_LITERAL_CONVERSION = YES;
				CLANG_WARN_OBJC_ROOT_CLASS = YES_ERROR;
				CLANG_WARN_QUOTED_INCLUDE_IN_FRAMEWORK_HEADER = YES;
				CLANG_WARN_RANGE_LOOP_ANALYSIS = YES;
				CLANG_WARN_STRICT_PROTOTYPES = YES;
				CLANG_WARN_SUSPICIOUS_MOVE = YES;
				CLANG_WARN_UNGUARDED_AVAILABILITY = YES_AGGRESSIVE;
				CLANG_WARN_UNREACHABLE_CODE = YES;
				CLANG_WARN__DUPLICATE_METHOD_MATCH = YES;
				COPY_PHASE_STRIP = NO;
				DEAD_CODE_STRIPPING = YES;
				DEBUG_INFORMATION_FORMAT = dwarf;
				DEVELOPMENT_TEAM = A98K3QG549;
				ENABLE_STRICT_OBJC_MSGSEND = YES;
				ENABLE_TESTABILITY = YES;
				ENABLE_USER_SCRIPT_SANDBOXING = YES;
				GCC_C_LANGUAGE_STANDARD = gnu17;
				GCC_DYNAMIC_NO_PIC = NO;
				GCC_NO_COMMON_BLOCKS = YES;
				GCC_OPTIMIZATION_LEVEL = 0;
				GCC_PREPROCESSOR_DEFINITIONS = (
					"DEBUG=1",
					"$(inherited)",
				);
				GCC_WARN_64_TO_32_BIT_CONVERSION = YES;
				GCC_WARN_ABOUT_RETURN_TYPE = YES_ERROR;
				GCC_WARN_UNDECLARED_SELECTOR = YES;
				GCC_WARN_UNINITIALIZED_AUTOS = YES_AGGRESSIVE;
				GCC_WARN_UNUSED_FUNCTION = YES;
				GCC_WARN_UNUSED_VARIABLE = YES;
				LOCALIZATION_PREFERS_STRING_CATALOGS = YES;
				MTL_ENABLE_DEBUG_INFO = INCLUDE_SOURCE;
				MTL_FAST_MATH = YES;
				ONLY_ACTIVE_ARCH = YES;
				STRING_CATALOG_GENERATE_SYMBOLS = YES;
				SWIFT_ACTIVE_COMPILATION_CONDITIONS = "DEBUG $(inherited)";
				SWIFT_OPTIMIZATION_LEVEL = "-Onone";
			};
			name = Debug;
		};
		1C6094E12F506D6600CE6A52 /* Release */ = {
			isa = XCBuildConfiguration;
			buildSettings = {
				ALWAYS_SEARCH_USER_PATHS = NO;
				ASSETCATALOG_COMPILER_GENERATE_SWIFT_ASSET_SYMBOL_EXTENSIONS = YES;
				CLANG_ANALYZER_NONNULL = YES;
				CLANG_ANALYZER_NUMBER_OBJECT_CONVERSION = YES_AGGRESSIVE;
				CLANG_CXX_LANGUAGE_STANDARD = "gnu++20";
				CLANG_ENABLE_MODULES = YES;
				CLANG_ENABLE_OBJC_ARC = YES;
				CLANG_ENABLE_OBJC_WEAK = YES;
				CLANG_WARN_BLOCK_CAPTURE_AUTORELEASING = YES;
				CLANG_WARN_BOOL_CONVERSION = YES;
				CLANG_WARN_COMMA = YES;
				CLANG_WARN_CONSTANT_CONVERSION = YES;
				CLANG_WARN_DEPRECATED_OBJC_IMPLEMENTATIONS = YES;
				CLANG_WARN_DIRECT_OBJC_ISA_USAGE = YES_ERROR;
				CLANG_WARN_DOCUMENTATION_COMMENTS = YES;
				CLANG_WARN_EMPTY_BODY = YES;
				CLANG_WARN_ENUM_CONVERSION = YES;
				CLANG_WARN_INFINITE_RECURSION = YES;
				CLANG_WARN_INT_CONVERSION = YES;
				CLANG_WARN_NON_LITERAL_NULL_CONVERSION = YES;
				CLANG_WARN_OBJC_IMPLICIT_RETAIN_SELF = YES;
				CLANG_WARN_OBJC_LITERAL_CONVERSION = YES;
				CLANG_WARN_OBJC_ROOT_CLASS = YES_ERROR;
				CLANG_WARN_QUOTED_INCLUDE_IN_FRAMEWORK_HEADER = YES;
				CLANG_WARN_RANGE_LOOP_ANALYSIS = YES;
				CLANG_WARN_STRICT_PROTOTYPES = YES;
				CLANG_WARN_SUSPICIOUS_MOVE = YES;
				CLANG_WARN_UNGUARDED_AVAILABILITY = YES_AGGRESSIVE;
				CLANG_WARN_UNREACHABLE_CODE = YES;
				CLANG_WARN__DUPLICATE_METHOD_MATCH = YES;
				COPY_PHASE_STRIP = NO;
				DEAD_CODE_STRIPPING = YES;
				DEBUG_INFORMATION_FORMAT = "dwarf-with-dsym";
				DEVELOPMENT_TEAM = A98K3QG549;
				ENABLE_NS_ASSERTIONS = NO;
				ENABLE_STRICT_OBJC_MSGSEND = YES;
				ENABLE_USER_SCRIPT_SANDBOXING = YES;
				GCC_C_LANGUAGE_STANDARD = gnu17;
				GCC_NO_COMMON_BLOCKS = YES;
				GCC_WARN_64_TO_32_BIT_CONVERSION = YES;
				GCC_WARN_ABOUT_RETURN_TYPE = YES_ERROR;
				GCC_WARN_UNDECLARED_SELECTOR = YES;
				GCC_WARN_UNINITIALIZED_AUTOS = YES_AGGRESSIVE;
				GCC_WARN_UNUSED_FUNCTION = YES;
				GCC_WARN_UNUSED_VARIABLE = YES;
				LOCALIZATION_PREFERS_STRING_CATALOGS = YES;
				MTL_ENABLE_DEBUG_INFO = NO;
				MTL_FAST_MATH = YES;
				STRING_CATALOG_GENERATE_SYMBOLS = YES;
				SWIFT_COMPILATION_MODE = wholemodule;
			};
			name = Release;
		};
		1C6094E32F506D6600CE6A52 /* Debug */ = {
			isa = XCBuildConfiguration;
			buildSettings = {
				ASSETCATALOG_COMPILER_APPICON_NAME = Wrimoire;
				ASSETCATALOG_COMPILER_GLOBAL_ACCENT_COLOR_NAME = AccentColor;
				ASSETCATALOG_COMPILER_INCLUDE_ALL_APPICON_ASSETS = YES;
				CODE_SIGN_ENTITLEMENTS = Wrimoire/Wrimoire.entitlements;
				"CODE_SIGN_ENTITLEMENTS[sdk=iphoneos*]" = "Wrimoire/Wrimoire-iOS.entitlements";
				"CODE_SIGN_ENTITLEMENTS[sdk=iphonesimulator*]" = "Wrimoire/Wrimoire-iOS.entitlements";
				CODE_SIGN_STYLE = Automatic;
				CURRENT_PROJECT_VERSION = 1;
				DEAD_CODE_STRIPPING = YES;
				DEVELOPMENT_TEAM = A98K3QG549;
				ENABLE_APP_SANDBOX = YES;
				ENABLE_HARDENED_RUNTIME = YES;
				ENABLE_PREVIEWS = YES;
				ENABLE_USER_SELECTED_FILES = readonly;
				GENERATE_INFOPLIST_FILE = YES;
				"GENERATE_INFOPLIST_FILE[sdk=iphoneos*]" = NO;
				"GENERATE_INFOPLIST_FILE[sdk=iphonesimulator*]" = NO;
				"INFOPLIST_FILE[sdk=iphoneos*]" = "Config/iOS-Info.plist";
				"INFOPLIST_FILE[sdk=iphonesimulator*]" = "Config/iOS-Info.plist";
				INFOPLIST_KEY_ITSAppUsesNonExemptEncryption = NO;
				IPHONEOS_DEPLOYMENT_TARGET = 26.5;
				LD_RUNPATH_SEARCH_PATHS = "@executable_path/Frameworks";
				"LD_RUNPATH_SEARCH_PATHS[sdk=macosx*]" = "@executable_path/../Frameworks";
				MACOSX_DEPLOYMENT_TARGET = 26.5;
				MARKETING_VERSION = 1.0;
				PRODUCT_BUNDLE_IDENTIFIER = com.ajmarquez.wrimoire;
				PRODUCT_NAME = "$(TARGET_NAME)";
				SDKROOT = auto;
				STRING_CATALOG_GENERATE_SYMBOLS = YES;
				SUPPORTED_PLATFORMS = "iphoneos iphonesimulator macosx";
				SWIFT_APPROACHABLE_CONCURRENCY = YES;
				SWIFT_DEFAULT_ACTOR_ISOLATION = MainActor;
				SWIFT_EMIT_LOC_STRINGS = YES;
				SWIFT_UPCOMING_FEATURE_MEMBER_IMPORT_VISIBILITY = YES;
				SWIFT_VERSION = 5.0;
				TARGETED_DEVICE_FAMILY = "1,2";
			};
			name = Debug;
		};
		1C6094E42F506D6600CE6A52 /* Release */ = {
			isa = XCBuildConfiguration;
			buildSettings = {
				ASSETCATALOG_COMPILER_APPICON_NAME = Wrimoire;
				ASSETCATALOG_COMPILER_GLOBAL_ACCENT_COLOR_NAME = AccentColor;
				ASSETCATALOG_COMPILER_INCLUDE_ALL_APPICON_ASSETS = YES;
				CODE_SIGN_ENTITLEMENTS = Wrimoire/Wrimoire.entitlements;
				"CODE_SIGN_ENTITLEMENTS[sdk=iphoneos*]" = "Wrimoire/Wrimoire-iOS.entitlements";
				"CODE_SIGN_ENTITLEMENTS[sdk=iphonesimulator*]" = "Wrimoire/Wrimoire-iOS.entitlements";
				CODE_SIGN_STYLE = Automatic;
				CURRENT_PROJECT_VERSION = 1;
				DEAD_CODE_STRIPPING = YES;
				DEVELOPMENT_TEAM = A98K3QG549;
				ENABLE_APP_SANDBOX = YES;
				ENABLE_HARDENED_RUNTIME = YES;
				ENABLE_PREVIEWS = YES;
				ENABLE_USER_SELECTED_FILES = readonly;
				GENERATE_INFOPLIST_FILE = YES;
				"GENERATE_INFOPLIST_FILE[sdk=iphoneos*]" = NO;
				"GENERATE_INFOPLIST_FILE[sdk=iphonesimulator*]" = NO;
				"INFOPLIST_FILE[sdk=iphoneos*]" = "Config/iOS-Info.plist";
				"INFOPLIST_FILE[sdk=iphonesimulator*]" = "Config/iOS-Info.plist";
				INFOPLIST_KEY_ITSAppUsesNonExemptEncryption = NO;
				IPHONEOS_DEPLOYMENT_TARGET = 26.5;
				LD_RUNPATH_SEARCH_PATHS = "@executable_path/Frameworks";
				"LD_RUNPATH_SEARCH_PATHS[sdk=macosx*]" = "@executable_path/../Frameworks";
				MACOSX_DEPLOYMENT_TARGET = 26.5;
				MARKETING_VERSION = 1.0;
				PRODUCT_BUNDLE_IDENTIFIER = com.ajmarquez.wrimoire;
				PRODUCT_NAME = "$(TARGET_NAME)";
				SDKROOT = auto;
				STRING_CATALOG_GENERATE_SYMBOLS = YES;
				SUPPORTED_PLATFORMS = "iphoneos iphonesimulator macosx";
				SWIFT_APPROACHABLE_CONCURRENCY = YES;
				SWIFT_DEFAULT_ACTOR_ISOLATION = MainActor;
				SWIFT_EMIT_LOC_STRINGS = YES;
				SWIFT_UPCOMING_FEATURE_MEMBER_IMPORT_VISIBILITY = YES;
				SWIFT_VERSION = 5.0;
				TARGETED_DEVICE_FAMILY = "1,2";
			};
			name = Release;
		};
		47EC5D96A3CC2C95A70A92AE /* Debug */ = {
			isa = XCBuildConfiguration;
			buildSettings = {
				CLANG_ENABLE_OBJC_WEAK = NO;
				CODE_SIGN_STYLE = Automatic;
				DEVELOPMENT_TEAM = A98K3QG549;
				GENERATE_INFOPLIST_FILE = YES;
				IPHONEOS_DEPLOYMENT_TARGET = 26.5;
				LD_RUNPATH_SEARCH_PATHS = (
					"$(inherited)",
					"@executable_path/Frameworks",
					"@loader_path/Frameworks",
				);
				PRODUCT_BUNDLE_IDENTIFIER = com.ajmarquez.WrimoireUITests;
				PRODUCT_NAME = "$(TARGET_NAME)";
				SDKROOT = auto;
				SUPPORTED_PLATFORMS = "iphoneos iphonesimulator";
				SWIFT_EMIT_LOC_STRINGS = NO;
				SWIFT_VERSION = 5.0;
				TARGETED_DEVICE_FAMILY = "1,2";
				TEST_TARGET_NAME = Wrimoire;
			};
			name = Debug;
		};
		8516866C019E1B1E5F9B91C4 /* Release */ = {
			isa = XCBuildConfiguration;
			buildSettings = {
				CLANG_ENABLE_OBJC_WEAK = NO;
				CODE_SIGN_STYLE = Automatic;
				DEVELOPMENT_TEAM = A98K3QG549;
				GENERATE_INFOPLIST_FILE = YES;
				IPHONEOS_DEPLOYMENT_TARGET = 26.5;
				LD_RUNPATH_SEARCH_PATHS = (
					"$(inherited)",
					"@executable_path/Frameworks",
					"@loader_path/Frameworks",
				);
				PRODUCT_BUNDLE_IDENTIFIER = com.ajmarquez.WrimoireUITests;
				PRODUCT_NAME = "$(TARGET_NAME)";
				SDKROOT = auto;
				SUPPORTED_PLATFORMS = "iphoneos iphonesimulator";
				SWIFT_EMIT_LOC_STRINGS = NO;
				SWIFT_VERSION = 5.0;
				TARGETED_DEVICE_FAMILY = "1,2";
				TEST_TARGET_NAME = Wrimoire;
				VALIDATE_PRODUCT = YES;
			};
			name = Release;
		};
		92A75F7E14A4CB57E73F7563 /* Debug */ = {
			isa = XCBuildConfiguration;
			buildSettings = {
				BUNDLE_LOADER = "$(TEST_HOST)";
				CODE_SIGN_STYLE = Automatic;
				CURRENT_PROJECT_VERSION = 1;
				DEVELOPMENT_TEAM = A98K3QG549;
				GENERATE_INFOPLIST_FILE = YES;
				MACOSX_DEPLOYMENT_TARGET = 26.5;
				MARKETING_VERSION = 1.0;
				PRODUCT_BUNDLE_IDENTIFIER = com.ajmarquez.WrimoireTests;
				PRODUCT_NAME = "$(TARGET_NAME)";
				SDKROOT = auto;
				SUPPORTED_PLATFORMS = macosx;
				SWIFT_APPROACHABLE_CONCURRENCY = YES;
				SWIFT_DEFAULT_ACTOR_ISOLATION = MainActor;
				SWIFT_EMIT_LOC_STRINGS = NO;
				SWIFT_UPCOMING_FEATURE_MEMBER_IMPORT_VISIBILITY = YES;
				SWIFT_VERSION = 5.0;
				TEST_HOST = "$(BUILT_PRODUCTS_DIR)/Wrimoire.app/$(BUNDLE_EXECUTABLE_FOLDER_PATH)/Wrimoire";
			};
			name = Debug;
		};
		95C4CB79CCAE6C3C59C7D806 /* Release */ = {
			isa = XCBuildConfiguration;
			buildSettings = {
				BUNDLE_LOADER = "$(TEST_HOST)";
				CODE_SIGN_STYLE = Automatic;
				CURRENT_PROJECT_VERSION = 1;
				DEVELOPMENT_TEAM = A98K3QG549;
				GENERATE_INFOPLIST_FILE = YES;
				MACOSX_DEPLOYMENT_TARGET = 26.5;
				MARKETING_VERSION = 1.0;
				PRODUCT_BUNDLE_IDENTIFIER = com.ajmarquez.WrimoireTests;
				PRODUCT_NAME = "$(TARGET_NAME)";
				SDKROOT = auto;
				SUPPORTED_PLATFORMS = macosx;
				SWIFT_APPROACHABLE_CONCURRENCY = YES;
				SWIFT_DEFAULT_ACTOR_ISOLATION = MainActor;
				SWIFT_EMIT_LOC_STRINGS = NO;
				SWIFT_UPCOMING_FEATURE_MEMBER_IMPORT_VISIBILITY = YES;
				SWIFT_VERSION = 5.0;
				TEST_HOST = "$(BUILT_PRODUCTS_DIR)/Wrimoire.app/$(BUNDLE_EXECUTABLE_FOLDER_PATH)/Wrimoire";
				VALIDATE_PRODUCT = YES;
			};
			name = Release;
		};
/* End XCBuildConfiguration section */

/* Begin XCConfigurationList section */
		1C6094D02F506D6400CE6A52 /* Build configuration list for PBXProject "Wrimoire" */ = {
			isa = XCConfigurationList;
			buildConfigurations = (
				1C6094E02F506D6600CE6A52 /* Debug */,
				1C6094E12F506D6600CE6A52 /* Release */,
			);
			defaultConfigurationIsVisible = 0;
			defaultConfigurationName = Release;
		};
		1C6094E22F506D6600CE6A52 /* Build configuration list for PBXNativeTarget "Wrimoire" */ = {
			isa = XCConfigurationList;
			buildConfigurations = (
				1C6094E32F506D6600CE6A52 /* Debug */,
				1C6094E42F506D6600CE6A52 /* Release */,
			);
			defaultConfigurationIsVisible = 0;
			defaultConfigurationName = Release;
		};
		53C16DD4240C4B94FE9A4FB4 /* Build configuration list for PBXNativeTarget "WrimoireUITests" */ = {
			isa = XCConfigurationList;
			buildConfigurations = (
				8516866C019E1B1E5F9B91C4 /* Release */,
				47EC5D96A3CC2C95A70A92AE /* Debug */,
			);
			defaultConfigurationIsVisible = 0;
			defaultConfigurationName = Release;
		};
		EA41E1CC2F60510000A1B201 /* Build configuration list for PBXNativeTarget "WrimoireTests" */ = {
			isa = XCConfigurationList;
			buildConfigurations = (
				95C4CB79CCAE6C3C59C7D806 /* Release */,
				92A75F7E14A4CB57E73F7563 /* Debug */,
			);
			defaultConfigurationIsVisible = 0;
			defaultConfigurationName = Release;
		};
/* End XCConfigurationList section */
	};
	rootObject = 1C6094CD2F506D6400CE6A52 /* Project object */;
}
